
Microsoft Visual Studio Solution File, Format Version 12.00
# Visual Studio Version 17
VisualStudioVersion = 17.5.33414.496
MinimumVisualStudioVersion = 10.0.40219.1
Project("{8BC9CEB8-8B4A-11D0-8D11-00A0C91BC942}") = "pert9_giant_myklass", "pert9_giant_myklass\pert9_giant_myklass.vcxproj", "{4C08457B-8B34-4390-A7D8-77CB0994CA01}"
EndProject
Project("{8BC9CEB8-8B4A-11D0-8D11-00A0C91BC942}") = "solveMultiWaris_105", "solveMultiWaris_105\solveMultiWaris_105.vcxproj", "{D587BA5F-53F5-451C-8BCC-96A04E745D37}"
EndProject
Project("{8BC9CEB8-8B4A-11D0-8D11-00A0C91BC942}") = "Polimorphism", "Polimorphism\Polimorphism.vcxproj", "{DDF54E80-200F-483E-9989-FDAFE9B1F001}"
EndProject
Project("{8BC9CEB8-8B4A-11D0-8D11-00A0C91BC942}") = "program noOveridding", "program noOveridding\program noOveridding.vcxproj", "{3E085B92-B782-4B2E-AB4A-16FFCE22E3F9}"
EndProject
Project("{8BC9CEB8-8B4A-11D0-8D11-00A0C91BC942}") = "noPewarisan_106", "noPewarisan_106\noPewarisan_106.vcxproj", "{86E1B971-DB1B-4A23-9722-3B24D2F957FA}"
EndProject
Project("{8BC9CEB8-8B4A-11D0-8D11-00A0C91BC942}") = "enkapsulasi_105", "enkapsulasi_105\enkapsulasi_105.vcxproj", "{444253A8-9DA2-43D8-8C51-F81CBCE454DD}"
EndProject
Project("{8BC9CEB8-8B4A-11D0-8D11-00A0C91BC942}") = "abstraksi_105", "abstraksi_105\abstraksi_105.vcxproj", "{0F1D2AE7-5B70-4BE7-84B4-2ECD0A8DE8D7}"
EndProject
Global
	GlobalSection(SolutionConfigurationPlatforms) = preSolution
		Debug|x64 = Debug|x64
		Debug|x86 = Debug|x86
		Release|x64 = Release|x64
		Release|x86 = Release|x86
	EndGlobalSection
	GlobalSection(ProjectConfigurationPlatforms) = postSolution
		{4C08457B-8B34-4390-A7D8-77CB0994CA01}.Debug|x64.ActiveCfg = Debug|x64
		{4C08457B-8B34-4390-A7D8-77CB0994CA01}.Debug|x64.Build.0 = Debug|x64
		{4C08457B-8B34-4390-A7D8-77CB0994CA01}.Debug|x86.ActiveCfg = Debug|Win32
		{4C08457B-8B34-4390-A7D8-77CB0994CA01}.Debug|x86.Build.0 = Debug|Win32
		{4C08457B-8B34-4390-A7D8-77CB0994CA01}.Release|x64.ActiveCfg = Release|x64
		{4C08457B-8B34-4390-A7D8-77CB0994CA01}.Release|x64.Build.0 = Release|x64
		{4C08457B-8B34-4390-A7D8-77CB0994CA01}.Release|x86.ActiveCfg = Release|Win32
		{4C08457B-8B34-4390-A7D8-77CB0994CA01}.Release|x86.Build.0 = Release|Win32
		{D587BA5F-53F5-451C-8BCC-96A04E745D37}.Debug|x64.ActiveCfg = Debug|x64
		{D587BA5F-53F5-451C-8BCC-96A04E745D37}.Debug|x64.Build.0 = Debug|x64
		{D587BA5F-53F5-451C-8BCC-96A04E745D37}.Debug|x86.ActiveCfg = Debug|Win32
		{D587BA5F-53F5-451C-8BCC-96A04E745D37}.Debug|x86.Build.0 = Debug|Win32
		{D587BA5F-53F5-451C-8BCC-96A04E745D37}.Release|x64.ActiveCfg = Release|x64
		{D587BA5F-53F5-451C-8BCC-96A04E745D37}.Release|x64.Build.0 = Release|x64
		{D587BA5F-53F5-451C-8BCC-96A04E745D37}.Release|x86.ActiveCfg = Release|Win32
		{D587BA5F-53F5-451C-8BCC-96A04E745D37}.Release|x86.Build.0 = Release|Win32
		{DDF54E80-200F-483E-9989-FDAFE9B1F001}.Debug|x64.ActiveCfg = Debug|x64
		{DDF54E80-200F-483E-9989-FDAFE9B1F001}.Debug|x64.Build.0 = Debug|x64
		{DDF54E80-200F-483E-9989-FDAFE9B1F001}.Debug|x86.ActiveCfg = Debug|Win32
		{DDF54E80-200F-483E-9989-FDAFE9B1F001}.Debug|x86.Build.0 = Debug|Win32
		{DDF54E80-200F-483E-9989-FDAFE9B1F001}.Release|x64.ActiveCfg = Release|x64
		{DDF54E80-200F-483E-9989-FDAFE9B1F001}.Release|x64.Build.0 = Release|x64
		{DDF54E80-200F-483E-9989-FDAFE9B1F001}.Release|x86.ActiveCfg = Release|Win32
		{DDF54E80-200F-483E-9989-FDAFE9B1F001}.Release|x86.Build.0 = Release|Win32
		{3E085B92-B782-4B2E-AB4A-16FFCE22E3F9}.Debug|x64.ActiveCfg = Debug|x64
		{3E085B92-B782-4B2E-AB4A-16FFCE22E3F9}.Debug|x64.Build.0 = Debug|x64
		{3E085B92-B782-4B2E-AB4A-16FFCE22E3F9}.Debug|x86.ActiveCfg = Debug|Win32
		{3E085B92-B782-4B2E-AB4A-16FFCE22E3F9}.Debug|x86.Build.0 = Debug|Win32
		{3E085B92-B782-4B2E-AB4A-16FFCE22E3F9}.Release|x64.ActiveCfg = Release|x64
		{3E085B92-B782-4B2E-AB4A-16FFCE22E3F9}.Release|x64.Build.0 = Release|x64
		{3E085B92-B782-4B2E-AB4A-16FFCE22E3F9}.Release|x86.ActiveCfg = Release|Win32
		{3E085B92-B782-4B2E-AB4A-16FFCE22E3F9}.Release|x86.Build.0 = Release|Win32
		{86E1B971-DB1B-4A23-9722-3B24D2F957FA}.Debug|x64.ActiveCfg = Debug|x64
		{86E1B971-DB1B-4A23-9722-3B24D2F957FA}.Debug|x64.Build.0 = Debug|x64
		{86E1B971-DB1B-4A23-9722-3B24D2F957FA}.Debug|x86.ActiveCfg = Debug|Win32
		{86E1B971-DB1B-4A23-9722-3B24D2F957FA}.Debug|x86.Build.0 = Debug|Win32
		{86E1B971-DB1B-4A23-9722-3B24D2F957FA}.Release|x64.ActiveCfg = Release|x64
		{86E1B971-DB1B-4A23-9722-3B24D2F957FA}.Release|x64.Build.0 = Release|x64
		{86E1B971-DB1B-4A23-9722-3B24D2F957FA}.Release|x86.ActiveCfg = Release|Win32
		{86E1B971-DB1B-4A23-9722-3B24D2F957FA}.Release|x86.Build.0 = Release|Win32
		{444253A8-9DA2-43D8-8C51-F81CBCE454DD}.Debug|x64.ActiveCfg = Debug|x64
		{444253A8-9DA2-43D8-8C51-F81CBCE454DD}.Debug|x64.Build.0 = Debug|x64
		{444253A8-9DA2-43D8-8C51-F81CBCE454DD}.Debug|x86.ActiveCfg = Debug|Win32
		{444253A8-9DA2-43D8-8C51-F81CBCE454DD}.Debug|x86.Build.0 = Debug|Win32
		{444253A8-9DA2-43D8-8C51-F81CBCE454DD}.Release|x64.ActiveCfg = Release|x64
		{444253A8-9DA2-43D8-8C51-F81CBCE454DD}.Release|x64.Build.0 = Release|x64
		{444253A8-9DA2-43D8-8C51-F81CBCE454DD}.Release|x86.ActiveCfg = Release|Win32
		{444253A8-9DA2-43D8-8C51-F81CBCE454DD}.Release|x86.Build.0 = Release|Win32
		{0F1D2AE7-5B70-4BE7-84B4-2ECD0A8DE8D7}.Debug|x64.ActiveCfg = Debug|x64
		{0F1D2AE7-5B70-4BE7-84B4-2ECD0A8DE8D7}.Debug|x64.Build.0 = Debug|x64
		{0F1D2AE7-5B70-4BE7-84B4-2ECD0A8DE8D7}.Debug|x86.ActiveCfg = Debug|Win32
		{0F1D2AE7-5B70-4BE7-84B4-2ECD0A8DE8D7}.Debug|x86.Build.0 = Debug|Win32
		{0F1D2AE7-5B70-4BE7-84B4-2ECD0A8DE8D7}.Release|x64.ActiveCfg = Release|x64
		{0F1D2AE7-5B70-4BE7-84B4-2ECD0A8DE8D7}.Release|x64.Build.0 = Release|x64
		{0F1D2AE7-5B70-4BE7-84B4-2ECD0A8DE8D7}.Release|x86.ActiveCfg = Release|Win32
		{0F1D2AE7-5B70-4BE7-84B4-2ECD0A8DE8D7}.Release|x86.Build.0 = Release|Win32
	EndGlobalSection
	GlobalSection(SolutionProperties) = preSolution
		HideSolutionNode = FALSE
	EndGlobalSection
	GlobalSection(ExtensibilityGlobals) = postSolution
		SolutionGuid = {4841869B-E5F5-4B3A-A244-A72B2826A1CA}
	EndGlobalSection
EndGlobal
